
Microsoft Visual Studio Solution File, Format Version 12.00
# Visual Studio Version 17
VisualStudioVersion = 17.12.35527.113 d17.12
MinimumVisualStudioVersion = 10.0.40219.1
Project("{FAE04EC0-301F-11D3-BF4B-00C04F79EFBC}") = "Week6-StringsAndArrays", "Week6-StringsAndArrays\Week6-StringsAndArrays.csproj", "{3CE7CCC0-09EF-4993-BCF5-9D08B114C1D4}"
EndProject
Project("{FAE04EC0-301F-11D3-BF4B-00C04F79EFBC}") = "Arrays", "Arrays\Arrays.csproj", "{FEA182A2-86F2-47C6-A189-26F341A24E00}"
EndProject
Project("{FAE04EC0-301F-11D3-BF4B-00C04F79EFBC}") = "NumberArrays", "NumberArrays\NumberArrays.csproj", "{C9CE4E73-2553-4860-9B5A-84B43A97FF4F}"
EndProject
Project("{FAE04EC0-301F-11D3-BF4B-00C04F79EFBC}") = "RandomElement", "RandomElement\RandomElement.csproj", "{00411541-21D6-4AA9-9057-B64B8C64D010}"
EndProject
Global
	GlobalSection(SolutionConfigurationPlatforms) = preSolution
		Debug|Any CPU = Debug|Any CPU
		Release|Any CPU = Release|Any CPU
	EndGlobalSection
	GlobalSection(ProjectConfigurationPlatforms) = postSolution
		{3CE7CCC0-09EF-4993-BCF5-9D08B114C1D4}.Debug|Any CPU.ActiveCfg = Debug|Any CPU
		{3CE7CCC0-09EF-4993-BCF5-9D08B114C1D4}.Debug|Any CPU.Build.0 = Debug|Any CPU
		{3CE7CCC0-09EF-4993-BCF5-9D08B114C1D4}.Release|Any CPU.ActiveCfg = Release|Any CPU
		{3CE7CCC0-09EF-4993-BCF5-9D08B114C1D4}.Release|Any CPU.Build.0 = Release|Any CPU
		{FEA182A2-86F2-47C6-A189-26F341A24E00}.Debug|Any CPU.ActiveCfg = Debug|Any CPU
		{FEA182A2-86F2-47C6-A189-26F341A24E00}.Debug|Any CPU.Build.0 = Debug|Any CPU
		{FEA182A2-86F2-47C6-A189-26F341A24E00}.Release|Any CPU.ActiveCfg = Release|Any CPU
		{FEA182A2-86F2-47C6-A189-26F341A24E00}.Release|Any CPU.Build.0 = Release|Any CPU
		{C9CE4E73-2553-4860-9B5A-84B43A97FF4F}.Debug|Any CPU.ActiveCfg = Debug|Any CPU
		{C9CE4E73-2553-4860-9B5A-84B43A97FF4F}.Debug|Any CPU.Build.0 = Debug|Any CPU
		{C9CE4E73-2553-4860-9B5A-84B43A97FF4F}.Release|Any CPU.ActiveCfg = Release|Any CPU
		{C9CE4E73-2553-4860-9B5A-84B43A97FF4F}.Release|Any CPU.Build.0 = Release|Any CPU
		{00411541-21D6-4AA9-9057-B64B8C64D010}.Debug|Any CPU.ActiveCfg = Debug|Any CPU
		{00411541-21D6-4AA9-9057-B64B8C64D010}.Debug|Any CPU.Build.0 = Debug|Any CPU
		{00411541-21D6-4AA9-9057-B64B8C64D010}.Release|Any CPU.ActiveCfg = Release|Any CPU
		{00411541-21D6-4AA9-9057-B64B8C64D010}.Release|Any CPU.Build.0 = Release|Any CPU
	EndGlobalSection
	GlobalSection(SolutionProperties) = preSolution
		HideSolutionNode = FALSE
	EndGlobalSection
EndGlobal
